{
    "_meta": {
        "hash": {
            "sha256": "472922de2ac471b629f8d022c4e5eca085eb0744a860d80d4ff18a2009c0ea37"
        },
        "pipfile-spec": 6,
        "requires": {},
        "sources": [
            {
                "name": "pypi",
                "url": "https://pypi.org/simple",
                "verify_ssl": true
            }
        ]
    },
    "default": {
        "asgiref": {
            "hashes": [
                "sha256:89b2ef2247e3b562a16eef663bc0e2e703ec6468e2fa8a5cd61cd449786d4f6e",
                "sha256:9e0ce3aa93a819ba5b45120216b23878cf6e8525eb3848653452b4192b92afed"
            ],
            "markers": "python_version >= '3.7'",
            "version": "==3.7.2"
        },
        "django": {
            "hashes": [
                "sha256:2a6b6fbff5b59dd07bef10bcb019bee2ea97a30b2a656d51346596724324badf",
                "sha256:672b3fa81e1f853bb58be1b51754108ab4ffa12a77c06db86aa8df9ed0c46fe5"
            ],
            "index": "pypi",
            "version": "==4.2.2"
        },
        "django-cors-headers": {
            "hashes": [
                "sha256:36a8d7a6dee6a85f872fe5916cc878a36d0812043866355438dfeda0b20b6b78",
                "sha256:88a4bfae24b6404dd0e0640203cb27704a2a57fd546a429e5d821dfa53dd1acf"
            ],
            "index": "pypi",
            "version": "==4.1.0"
        },
        "djangorestframework": {
            "hashes": [
                "sha256:579a333e6256b09489cbe0a067e66abe55c6595d8926be6b99423786334350c8",
                "sha256:eb63f58c9f218e1a7d064d17a70751f528ed4e1d35547fdade9aaf4cd103fd08"
            ],
            "index": "pypi",
            "version": "==3.14.0"
        },
        "djangorestframework-simplejwt": {
            "hashes": [
                "sha256:4c0d2e2513e12587d93501ac091781684a216c3ee614eb3b5a10586aef5ca845",
                "sha256:d27d4bcac2c6394f678dea8b4d0d511c6e18a7f2eb8aaeeb8a7de601aeb77c42"
            ],
            "index": "pypi",
            "version": "==5.2.2"
        },
        "mysql-connector-python": {
            "hashes": [
                "sha256:04d75ec7c181e7907df3d40c2a573063f25ecfc5a95a7a90374861c02ce738a9",
                "sha256:47f059bc2a7378acd56ac7a60b0526a2ba95d96b696a875b5b233a0feae30980",
                "sha256:4d126ce5e03675d926a9e49ce1638d06af43ca7bac2b502d93373dc9425d386f",
                "sha256:50c87ff50762f4a0cc0816365dde0e7de763949e125488b8e872de6471e0e427",
                "sha256:687071dc9e51892d0861bbcbcbd48e0f3579e3155f2a0ec310198704137c775a",
                "sha256:73c5149b33401610e28589d1fc669cba11d3b16215a8f6a75f63ece1f3af5f88",
                "sha256:77ec293e265d01db1896a8e63a16b3d5c848a885cf76c77148adfed8453846e8",
                "sha256:78bb1abb57bbb85263d65a240a901195e3de0e0992f25e42c48af0869079bb74",
                "sha256:7d518491d6d51b186b3182b3698b1560d9bd80675c055163359d0aeea0001de1",
                "sha256:8d8dd02e0e6bb7262156a836c3e83582d1a1a1ebb9d72e777a46813709404601",
                "sha256:91be638d1b084835edf7aa426d85228174611a1cd6f016ca0f6d4339ac3d9d7b",
                "sha256:aaec9d13fc0177e421a3c4392f0eaf86347b825949d5dfc202d535cdb1e07f04",
                "sha256:b3a747c5efd6de7b76686ab93834186e2276a62684600dbede615537040436ca",
                "sha256:b4c5ce835078555b6640921cae036daad46884dd21027f43c742fb505221e4e6",
                "sha256:bb317b179bfbb3e86c771bb2b34794188a2d2b010cdaa1b4d1b5ea0961d0812c",
                "sha256:bd89598b173aa0fc525b59fff6e3598ff3cabad4260a3bb49cf420eac10d3b3b",
                "sha256:bdb4f187f737316d1c403085b2fb7c91717268d052ecbfc86066cef59f6d72a4",
                "sha256:c76d771fdce1314b07619efff184ec03f56abef6b4ccdc686d3a995f5b225fec",
                "sha256:d559f69e8b58ac248e37d30e5676718adf69eeff56ed8a7c03f064d74af68f99",
                "sha256:e008127430c8dc66bb1b6d6c7a17498ec57ffa81188fc1f8c9f764363c01d12e",
                "sha256:f5da43c77d409c8135132f5b5aee9ac91c2e97c3f87352e1b3017438a9cb9b82"
            ],
            "index": "pypi",
            "version": "==8.0.28"
        },
        "protobuf": {
            "hashes": [
                "sha256:0149053336a466e3e0b040e54d0b615fc71de86da66791c592cc3c8d18150bf8",
                "sha256:08fe19d267608d438aa37019236db02b306e33f6b9902c3163838b8e75970223",
                "sha256:29660574cd769f2324a57fb78127cda59327eb6664381ecfe1c69731b83e8288",
                "sha256:2991f5e7690dab569f8f81702e6700e7364cc3b5e572725098215d3da5ccc6ac",
                "sha256:3b01a5274ac920feb75d0b372d901524f7e3ad39c63b1a2d55043f3887afe0c1",
                "sha256:3bcbeb2bf4bb61fe960dd6e005801a23a43578200ea8ceb726d1f6bd0e562ba1",
                "sha256:447b9786ac8e50ae72cae7a2eec5c5df6a9dbf9aa6f908f1b8bda6032644ea62",
                "sha256:514b6bbd54a41ca50c86dd5ad6488afe9505901b3557c5e0f7823a0cf67106fb",
                "sha256:5cb9e41188737f321f4fce9a4337bf40a5414b8d03227e1d9fbc59bc3a216e35",
                "sha256:7a92beb30600332a52cdadbedb40d33fd7c8a0d7f549c440347bc606fb3fe34b",
                "sha256:84ea0bd90c2fdd70ddd9f3d3fc0197cc24ecec1345856c2b5ba70e4d99815359",
                "sha256:aca6e86a08c5c5962f55eac9b5bd6fce6ed98645d77e8bfc2b952ecd4a8e4f6a",
                "sha256:cc14358a8742c4e06b1bfe4be1afbdf5c9f6bd094dff3e14edb78a1513893ff5"
            ],
            "markers": "python_version >= '3.7'",
            "version": "==4.23.3"
        },
        "pyjwt": {
            "hashes": [
                "sha256:ba2b425b15ad5ef12f200dc67dd56af4e26de2331f965c5439994dad075876e1",
                "sha256:bd6ca4a3c4285c1a2d4349e5a035fdf8fb94e04ccd0fcbe6ba289dae9cc3e074"
            ],
            "markers": "python_version >= '3.7'",
            "version": "==2.7.0"
        },
        "pytz": {
            "hashes": [
                "sha256:1d8ce29db189191fb55338ee6d0387d82ab59f3d00eac103412d64e0ebd0c588",
                "sha256:a151b3abb88eda1d4e34a9814df37de2a80e301e68ba0fd856fb9b46bfbbbffb"
            ],
            "version": "==2023.3"
        },
        "sqlparse": {
            "hashes": [
                "sha256:5430a4fe2ac7d0f93e66f1efc6e1338a41884b7ddf2a350cedd20ccc4d9d28f3",
                "sha256:d446183e84b8349fa3061f0fe7f06ca94ba65b426946ffebe6e3e8295332420c"
            ],
            "markers": "python_version >= '3.5'",
            "version": "==0.4.4"
        },
        "tzdata": {
            "hashes": [
                "sha256:11ef1e08e54acb0d4f95bdb1be05da659673de4acbd21bf9c69e94cc5e907a3a",
                "sha256:7e65763eef3120314099b6939b5546db7adce1e7d6f2e179e3df563c70511eda"
            ],
            "index": "pypi",
            "version": "==2023.3"
        }
    },
    "develop": {
        "autopep8": {
            "hashes": [
                "sha256:86e9303b5e5c8160872b2f5ef611161b2893e9bfe8ccc7e2f76385947d57a2f1",
                "sha256:f9849cdd62108cb739dbcdbfb7fdcc9a30d1b63c4cc3e1c1f893b5360941b61c"
            ],
            "index": "pypi",
            "version": "==2.0.2"
        },
        "pycodestyle": {
            "hashes": [
                "sha256:347187bdb476329d98f695c213d7295a846d1152ff4fe9bacb8a9590b8ee7053",
                "sha256:8a4eaf0d0495c7395bdab3589ac2db602797d76207242c17d470186815706610"
            ],
            "markers": "python_version >= '3.6'",
            "version": "==2.10.0"
        }
    }
}
